{
  "name": "Testing",
  "lockfileVersion": 3,
  "requires": true,
  "packages": {
    "": {
      "dependencies": {
        "@fjrodafo/free-port": "^1.0.0"
      }
    },
    "../Package": {
      "name": "@fjrodafo/free-port",
      "version": "1.0.0",
      "license": "MIT"
    },
    "node_modules/@fjrodafo/free-port": {
      "resolved": "../Package",
      "link": true
    }
  }
}
